<?xml version="1.0" encoding="utf-8"?>
<Project ToolsVersion="4.0" xmlns="http://schemas.microsoft.com/developer/msbuild/2003">
  <ItemGroup>
    <Filter Include="源文件">
      <UniqueIdentifier>{4FC737F1-C7A5-4376-A066-2A32D752A2FF}</UniqueIdentifier>
      <Extensions>cpp;c;cc;cxx;c++;cppm;ixx;def;odl;idl;hpj;bat;asm;asmx</Extensions>
    </Filter>
    <Filter Include="头文件">
      <UniqueIdentifier>{93995380-89BD-4b04-88EB-625FBE52EBFB}</UniqueIdentifier>
      <Extensions>h;hh;hpp;hxx;h++;hm;inl;inc;ipp;xsd</Extensions>
    </Filter>
    <Filter Include="资源文件">
      <UniqueIdentifier>{67DA6AB6-F800-4c08-8B7A-83BB121AAD01}</UniqueIdentifier>
      <Extensions>rc;ico;cur;bmp;dlg;rc2;rct;bin;rgs;gif;jpg;jpeg;jpe;resx;tiff;tif;png;wav;mfcribbon-ms</Extensions>
    </Filter>
  </ItemGroup>
  <ItemGroup>
    <ClInclude Include="..\source\AudioCapture.h">
      <Filter>头文件</Filter>
    </ClInclude>
    <ClInclude Include="..\source\ProducerLog.h">
      <Filter>头文件</Filter>
    </ClInclude>
    <ClInclude Include="..\source\Common.h">
      <Filter>头文件</Filter>
    </ClInclude>
    <ClInclude Include="..\source\Producer.h">
      <Filter>头文件</Filter>
    </ClInclude>
    <ClInclude Include="..\source\WASAPIRenderer.h">
      <Filter>头文件</Filter>
    </ClInclude>
    <ClInclude Include="..\source\ProducerImpl.h">
      <Filter>头文件</Filter>
    </ClInclude>
    <ClInclude Include="..\source\IRecognition.h">
      <Filter>头文件</Filter>
    </ClInclude>
    <ClInclude Include="..\source\ITranslation.h">
      <Filter>头文件</Filter>
    </ClInclude>
    <ClInclude Include="..\source\ALIRecognition.h">
      <Filter>头文件</Filter>
    </ClInclude>
    <ClInclude Include="..\source\TencentTranslation.h">
      <Filter>头文件</Filter>
    </ClInclude>
    <ClInclude Include="..\source\ITextToSpeech.h">
      <Filter>头文件</Filter>
    </ClInclude>
    <ClInclude Include="..\source\TencentTTS.h">
      <Filter>头文件</Filter>
    </ClInclude>
    <ClInclude Include="..\source\AWSRecognition.h">
      <Filter>头文件</Filter>
    </ClInclude>
    <ClInclude Include="..\source\AzureRecognition.h">
      <Filter>头文件</Filter>
    </ClInclude>
    <ClInclude Include="..\source\AzureRecAndTrans.h">
      <Filter>头文件</Filter>
    </ClInclude>
    <ClInclude Include="..\source\IRecAndTrans.h">
      <Filter>头文件</Filter>
    </ClInclude>
    <ClInclude Include="..\source\AzureTTS.h">
      <Filter>头文件</Filter>
    </ClInclude>
  </ItemGroup>
  <ItemGroup>
    <ClCompile Include="..\source\AudioCapture.cpp">
      <Filter>源文件</Filter>
    </ClCompile>
    <ClCompile Include="..\source\ProducerImpl.cpp">
      <Filter>源文件</Filter>
    </ClCompile>
    <ClCompile Include="..\source\ProducerLog.cpp">
      <Filter>源文件</Filter>
    </ClCompile>
    <ClCompile Include="..\source\Common.cpp">
      <Filter>源文件</Filter>
    </ClCompile>
    <ClCompile Include="..\source\WASAPIRenderer.cpp">
      <Filter>源文件</Filter>
    </ClCompile>
    <ClCompile Include="..\source\ALIRecognition.cpp">
      <Filter>源文件</Filter>
    </ClCompile>
    <ClCompile Include="..\source\TencentTranslation.cpp">
      <Filter>源文件</Filter>
    </ClCompile>
    <ClCompile Include="..\source\TencentTTS.cpp">
      <Filter>源文件</Filter>
    </ClCompile>
    <ClCompile Include="..\source\AWSRecognition.cpp">
      <Filter>源文件</Filter>
    </ClCompile>
    <ClCompile Include="..\source\AzureRecognition.cpp">
      <Filter>源文件</Filter>
    </ClCompile>
    <ClCompile Include="..\source\AzureRecAndTrans.cpp">
      <Filter>源文件</Filter>
    </ClCompile>
    <ClCompile Include="..\source\AzureTTS.cpp">
      <Filter>源文件</Filter>
    </ClCompile>
  </ItemGroup>
  <ItemGroup>
    <None Include="packages.config" />
  </ItemGroup>
</Project>