
Microsoft Visual Studio Solution File, Format Version 12.00
# Visual Studio Version 17
VisualStudioVersion = 17.5.33424.131
MinimumVisualStudioVersion = 10.0.40219.1
Project("{8BC9CEB8-8B4A-11D0-8D11-00A0C91BC942}") = "Producer", "Producer.vcxproj", "{DAAC84BB-44F5-4AD5-A115-AF51D93CE957}"
EndProject
Project("{8BC9CEB8-8B4A-11D0-8D11-00A0C91BC942}") = "Test", "..\Test\Test.vcxproj", "{6BFE304E-B4AE-4FA7-85E5-468C99F160ED}"
	ProjectSection(ProjectDependencies) = postProject
		{DAAC84BB-44F5-4AD5-A115-AF51D93CE957} = {DAAC84BB-44F5-4AD5-A115-AF51D93CE957}
	EndProjectSection
EndProject
Project("{8BC9CEB8-8B4A-11D0-8D11-00A0C91BC942}") = "ProducerUI", "..\ProducerUI\ProducerUI.vcxproj", "{0A6E4C3E-E104-4E92-BDCF-E46C15A95D55}"
	ProjectSection(ProjectDependencies) = postProject
		{DAAC84BB-44F5-4AD5-A115-AF51D93CE957} = {DAAC84BB-44F5-4AD5-A115-AF51D93CE957}
	EndProjectSection
EndProject
Global
	GlobalSection(SolutionConfigurationPlatforms) = preSolution
		Debug|x64 = Debug|x64
		Debug|x86 = Debug|x86
		Release|x64 = Release|x64
		Release|x86 = Release|x86
	EndGlobalSection
	GlobalSection(ProjectConfigurationPlatforms) = postSolution
		{DAAC84BB-44F5-4AD5-A115-AF51D93CE957}.Debug|x64.ActiveCfg = Debug|x64
		{DAAC84BB-44F5-4AD5-A115-AF51D93CE957}.Debug|x64.Build.0 = Debug|x64
		{DAAC84BB-44F5-4AD5-A115-AF51D93CE957}.Debug|x86.ActiveCfg = Debug|Win32
		{DAAC84BB-44F5-4AD5-A115-AF51D93CE957}.Debug|x86.Build.0 = Debug|Win32
		{DAAC84BB-44F5-4AD5-A115-AF51D93CE957}.Release|x64.ActiveCfg = Release|x64
		{DAAC84BB-44F5-4AD5-A115-AF51D93CE957}.Release|x64.Build.0 = Release|x64
		{DAAC84BB-44F5-4AD5-A115-AF51D93CE957}.Release|x86.ActiveCfg = Release|Win32
		{DAAC84BB-44F5-4AD5-A115-AF51D93CE957}.Release|x86.Build.0 = Release|Win32
		{6BFE304E-B4AE-4FA7-85E5-468C99F160ED}.Debug|x64.ActiveCfg = Debug|x64
		{6BFE304E-B4AE-4FA7-85E5-468C99F160ED}.Debug|x64.Build.0 = Debug|x64
		{6BFE304E-B4AE-4FA7-85E5-468C99F160ED}.Debug|x86.ActiveCfg = Debug|Win32
		{6BFE304E-B4AE-4FA7-85E5-468C99F160ED}.Debug|x86.Build.0 = Debug|Win32
		{6BFE304E-B4AE-4FA7-85E5-468C99F160ED}.Release|x64.ActiveCfg = Release|x64
		{6BFE304E-B4AE-4FA7-85E5-468C99F160ED}.Release|x64.Build.0 = Release|x64
		{6BFE304E-B4AE-4FA7-85E5-468C99F160ED}.Release|x86.ActiveCfg = Release|Win32
		{6BFE304E-B4AE-4FA7-85E5-468C99F160ED}.Release|x86.Build.0 = Release|Win32
		{0A6E4C3E-E104-4E92-BDCF-E46C15A95D55}.Debug|x64.ActiveCfg = Debug|x64
		{0A6E4C3E-E104-4E92-BDCF-E46C15A95D55}.Debug|x64.Build.0 = Debug|x64
		{0A6E4C3E-E104-4E92-BDCF-E46C15A95D55}.Debug|x86.ActiveCfg = Debug|Win32
		{0A6E4C3E-E104-4E92-BDCF-E46C15A95D55}.Debug|x86.Build.0 = Debug|Win32
		{0A6E4C3E-E104-4E92-BDCF-E46C15A95D55}.Release|x64.ActiveCfg = Release|x64
		{0A6E4C3E-E104-4E92-BDCF-E46C15A95D55}.Release|x64.Build.0 = Release|x64
		{0A6E4C3E-E104-4E92-BDCF-E46C15A95D55}.Release|x86.ActiveCfg = Release|Win32
		{0A6E4C3E-E104-4E92-BDCF-E46C15A95D55}.Release|x86.Build.0 = Release|Win32
	EndGlobalSection
	GlobalSection(SolutionProperties) = preSolution
		HideSolutionNode = FALSE
	EndGlobalSection
	GlobalSection(ExtensibilityGlobals) = postSolution
		SolutionGuid = {82003F58-58C7-4A28-90EF-87CCD0755B14}
	EndGlobalSection
EndGlobal
